
Microsoft Visual Studio Solution File, Format Version 12.00
# Visual Studio Version 17
VisualStudioVersion = 17.0.31919.166
MinimumVisualStudioVersion = 10.0.40219.1
Project("{9A19103F-16F7-4668-BE54-9A1E7A4F7556}") = "CosmicChat.API", "httpTrigger\CosmicChat.API\CosmicChat.API.csproj", "{E591B00A-CE39-490A-A891-CF17D4FD21AC}"
EndProject
Project("{9A19103F-16F7-4668-BE54-9A1E7A4F7556}") = "CosmicChat.ComosDB.ChangeFeed", "cosmosTrigger\CosmicChat.ComosDB.ChangeFeed\CosmicChat.ComosDB.ChangeFeed.csproj", "{85021784-6A4B-4F30-A4C2-4E58820A7071}"
EndProject
Project("{9A19103F-16F7-4668-BE54-9A1E7A4F7556}") = "CosmicChat.Shared", "shared\CosmicChat.Shared.csproj", "{6338ECF9-5FA7-4492-8E91-6323C6ACE752}"
EndProject
Project("{9A19103F-16F7-4668-BE54-9A1E7A4F7556}") = "CosmicChat.EventGrid.Subscribers", "eventGridTrigger\CosmicChat.EventGrid.Subscribers\CosmicChat.EventGrid.Subscribers.csproj", "{6FDAE762-3D0A-44AF-9AA5-F1C6FF19EB5C}"
EndProject
Project("{FAE04EC0-301F-11D3-BF4B-00C04F79EFBC}") = "CosmicChat.GlobalTimer.Trigger", "timerTrigger\CosmicChat.GlobalTimer.Trigger\CosmicChat.GlobalTimer.Trigger.csproj", "{2B4BB562-25E7-4EAA-AA99-D1B3098795E9}"
EndProject
Global
	GlobalSection(SolutionConfigurationPlatforms) = preSolution
		Debug|Any CPU = Debug|Any CPU
		Release|Any CPU = Release|Any CPU
	EndGlobalSection
	GlobalSection(ProjectConfigurationPlatforms) = postSolution
		{E591B00A-CE39-490A-A891-CF17D4FD21AC}.Debug|Any CPU.ActiveCfg = Debug|Any CPU
		{E591B00A-CE39-490A-A891-CF17D4FD21AC}.Debug|Any CPU.Build.0 = Debug|Any CPU
		{E591B00A-CE39-490A-A891-CF17D4FD21AC}.Release|Any CPU.ActiveCfg = Release|Any CPU
		{E591B00A-CE39-490A-A891-CF17D4FD21AC}.Release|Any CPU.Build.0 = Release|Any CPU
		{85021784-6A4B-4F30-A4C2-4E58820A7071}.Debug|Any CPU.ActiveCfg = Debug|Any CPU
		{85021784-6A4B-4F30-A4C2-4E58820A7071}.Debug|Any CPU.Build.0 = Debug|Any CPU
		{85021784-6A4B-4F30-A4C2-4E58820A7071}.Release|Any CPU.ActiveCfg = Release|Any CPU
		{85021784-6A4B-4F30-A4C2-4E58820A7071}.Release|Any CPU.Build.0 = Release|Any CPU
		{6338ECF9-5FA7-4492-8E91-6323C6ACE752}.Debug|Any CPU.ActiveCfg = Debug|Any CPU
		{6338ECF9-5FA7-4492-8E91-6323C6ACE752}.Debug|Any CPU.Build.0 = Debug|Any CPU
		{6338ECF9-5FA7-4492-8E91-6323C6ACE752}.Release|Any CPU.ActiveCfg = Release|Any CPU
		{6338ECF9-5FA7-4492-8E91-6323C6ACE752}.Release|Any CPU.Build.0 = Release|Any CPU
		{6FDAE762-3D0A-44AF-9AA5-F1C6FF19EB5C}.Debug|Any CPU.ActiveCfg = Debug|Any CPU
		{6FDAE762-3D0A-44AF-9AA5-F1C6FF19EB5C}.Debug|Any CPU.Build.0 = Debug|Any CPU
		{6FDAE762-3D0A-44AF-9AA5-F1C6FF19EB5C}.Release|Any CPU.ActiveCfg = Release|Any CPU
		{6FDAE762-3D0A-44AF-9AA5-F1C6FF19EB5C}.Release|Any CPU.Build.0 = Release|Any CPU
		{2B4BB562-25E7-4EAA-AA99-D1B3098795E9}.Debug|Any CPU.ActiveCfg = Debug|Any CPU
		{2B4BB562-25E7-4EAA-AA99-D1B3098795E9}.Debug|Any CPU.Build.0 = Debug|Any CPU
		{2B4BB562-25E7-4EAA-AA99-D1B3098795E9}.Release|Any CPU.ActiveCfg = Release|Any CPU
		{2B4BB562-25E7-4EAA-AA99-D1B3098795E9}.Release|Any CPU.Build.0 = Release|Any CPU
	EndGlobalSection
	GlobalSection(SolutionProperties) = preSolution
		HideSolutionNode = FALSE
	EndGlobalSection
	GlobalSection(ExtensibilityGlobals) = postSolution
		SolutionGuid = {14DC0108-5891-446B-862C-ECA48C32B6C5}
	EndGlobalSection
EndGlobal
